
Microsoft Visual Studio Solution File, Format Version 12.00
# Visual Studio 15
VisualStudioVersion = 15.0.26730.12
MinimumVisualStudioVersion = 10.0.40219.1
Project("{FAE04EC0-301F-11D3-BF4B-00C04F79EFBC}") = "SharpGeo.Tests", "SharpGeo.Tests\SharpGeo.Tests.csproj", "{B06E2E9C-FEB2-48DB-AB7E-623092598BA2}"
EndProject
Project("{9A19103F-16F7-4668-BE54-9A1E7A4F7556}") = "SharpGeo", "SharpGeo\SharpGeo.csproj", "{D905D342-CFDB-4845-AEF2-F1FF7A8B33B1}"
EndProject
Global
	GlobalSection(SolutionConfigurationPlatforms) = preSolution
		Debug|Any CPU = Debug|Any CPU
		Debug|ARM = Debug|ARM
		Debug|x86 = Debug|x86
		Release|Any CPU = Release|Any CPU
		Release|ARM = Release|ARM
		Release|x86 = Release|x86
	EndGlobalSection
	GlobalSection(ProjectConfigurationPlatforms) = postSolution
		{B06E2E9C-FEB2-48DB-AB7E-623092598BA2}.Debug|Any CPU.ActiveCfg = Debug|Any CPU
		{B06E2E9C-FEB2-48DB-AB7E-623092598BA2}.Debug|Any CPU.Build.0 = Debug|Any CPU
		{B06E2E9C-FEB2-48DB-AB7E-623092598BA2}.Debug|ARM.ActiveCfg = Debug|Any CPU
		{B06E2E9C-FEB2-48DB-AB7E-623092598BA2}.Debug|ARM.Build.0 = Debug|Any CPU
		{B06E2E9C-FEB2-48DB-AB7E-623092598BA2}.Debug|x86.ActiveCfg = Debug|Any CPU
		{B06E2E9C-FEB2-48DB-AB7E-623092598BA2}.Debug|x86.Build.0 = Debug|Any CPU
		{B06E2E9C-FEB2-48DB-AB7E-623092598BA2}.Release|Any CPU.ActiveCfg = Release|Any CPU
		{B06E2E9C-FEB2-48DB-AB7E-623092598BA2}.Release|Any CPU.Build.0 = Release|Any CPU
		{B06E2E9C-FEB2-48DB-AB7E-623092598BA2}.Release|ARM.ActiveCfg = Release|Any CPU
		{B06E2E9C-FEB2-48DB-AB7E-623092598BA2}.Release|ARM.Build.0 = Release|Any CPU
		{B06E2E9C-FEB2-48DB-AB7E-623092598BA2}.Release|x86.ActiveCfg = Release|Any CPU
		{B06E2E9C-FEB2-48DB-AB7E-623092598BA2}.Release|x86.Build.0 = Release|Any CPU
		{D905D342-CFDB-4845-AEF2-F1FF7A8B33B1}.Debug|Any CPU.ActiveCfg = Debug|Any CPU
		{D905D342-CFDB-4845-AEF2-F1FF7A8B33B1}.Debug|Any CPU.Build.0 = Debug|Any CPU
		{D905D342-CFDB-4845-AEF2-F1FF7A8B33B1}.Debug|ARM.ActiveCfg = Debug|Any CPU
		{D905D342-CFDB-4845-AEF2-F1FF7A8B33B1}.Debug|ARM.Build.0 = Debug|Any CPU
		{D905D342-CFDB-4845-AEF2-F1FF7A8B33B1}.Debug|x86.ActiveCfg = Debug|Any CPU
		{D905D342-CFDB-4845-AEF2-F1FF7A8B33B1}.Debug|x86.Build.0 = Debug|Any CPU
		{D905D342-CFDB-4845-AEF2-F1FF7A8B33B1}.Release|Any CPU.ActiveCfg = Release|Any CPU
		{D905D342-CFDB-4845-AEF2-F1FF7A8B33B1}.Release|Any CPU.Build.0 = Release|Any CPU
		{D905D342-CFDB-4845-AEF2-F1FF7A8B33B1}.Release|ARM.ActiveCfg = Release|Any CPU
		{D905D342-CFDB-4845-AEF2-F1FF7A8B33B1}.Release|ARM.Build.0 = Release|Any CPU
		{D905D342-CFDB-4845-AEF2-F1FF7A8B33B1}.Release|x86.ActiveCfg = Release|Any CPU
		{D905D342-CFDB-4845-AEF2-F1FF7A8B33B1}.Release|x86.Build.0 = Release|Any CPU
	EndGlobalSection
	GlobalSection(SolutionProperties) = preSolution
		HideSolutionNode = FALSE
	EndGlobalSection
	GlobalSection(ExtensibilityGlobals) = postSolution
		SolutionGuid = {7E973AEA-97F6-44F3-8B9F-1950E88D4CE8}
	EndGlobalSection
EndGlobal
